
Microsoft Visual Studio Solution File, Format Version 12.00
# Visual Studio Version 17
VisualStudioVersion = 17.7.34202.233
MinimumVisualStudioVersion = 10.0.40219.1
Project("{9A19103F-16F7-4668-BE54-9A1E7A4F7556}") = "DetectiveHelper.Api", "DetectiveHelper.Api\DetectiveHelper.Api.csproj", "{71182262-FAB4-4A10-B916-B57F03663F3C}"
EndProject
Project("{9A19103F-16F7-4668-BE54-9A1E7A4F7556}") = "DetectiveHelper.Facade", "DetectiveHelper.Facade\DetectiveHelper.Facade.csproj", "{ABD72DA1-8706-4627-AB32-5F4F04471D4B}"
EndProject
Project("{9A19103F-16F7-4668-BE54-9A1E7A4F7556}") = "DetectiveHelper.Business", "DetectiveHelper.Business\DetectiveHelper.Business.csproj", "{19A747E6-AC8F-4918-8D54-0E5298774D49}"
EndProject
Project("{9A19103F-16F7-4668-BE54-9A1E7A4F7556}") = "DetectiveHelper.Repository", "DetectiveHelper.Repository\DetectiveHelper.Repository.csproj", "{A6488BCC-B82E-485A-B667-AEE546304907}"
EndProject
Project("{9A19103F-16F7-4668-BE54-9A1E7A4F7556}") = "DetectiveHelper.Dto", "DetectiveHelper.Dto\DetectiveHelper.Dto.csproj", "{649F958E-EA72-4C03-823E-3F502749CAC6}"
EndProject
Project("{9A19103F-16F7-4668-BE54-9A1E7A4F7556}") = "DetectiveHelper.Model", "DetectiveHelper.Model\DetectiveHelper.Model.csproj", "{E07D3948-8705-42FE-9AE3-B7422E990968}"
EndProject
Project("{FAE04EC0-301F-11D3-BF4B-00C04F79EFBC}") = "DetectiveHelper.Utils", "DetectiveHelper.Utils\DetectiveHelper.Utils.csproj", "{A18E32A2-26D1-416B-8F1A-4BF6A36EE1C4}"
EndProject
Project("{FAE04EC0-301F-11D3-BF4B-00C04F79EFBC}") = "DetectiveHelper.Test", "DetectiveHelper.Test\DetectiveHelper.Test.csproj", "{5AD33FCA-3B27-4221-9909-54B395043E62}"
EndProject
Global
	GlobalSection(SolutionConfigurationPlatforms) = preSolution
		Debug|Any CPU = Debug|Any CPU
		Debug|ARM = Debug|ARM
		Debug|ARM64 = Debug|ARM64
		Debug|x64 = Debug|x64
		Debug|x86 = Debug|x86
		Release|Any CPU = Release|Any CPU
		Release|ARM = Release|ARM
		Release|ARM64 = Release|ARM64
		Release|x64 = Release|x64
		Release|x86 = Release|x86
	EndGlobalSection
	GlobalSection(ProjectConfigurationPlatforms) = postSolution
		{71182262-FAB4-4A10-B916-B57F03663F3C}.Debug|Any CPU.ActiveCfg = Debug|Any CPU
		{71182262-FAB4-4A10-B916-B57F03663F3C}.Debug|Any CPU.Build.0 = Debug|Any CPU
		{71182262-FAB4-4A10-B916-B57F03663F3C}.Debug|ARM.ActiveCfg = Debug|Any CPU
		{71182262-FAB4-4A10-B916-B57F03663F3C}.Debug|ARM.Build.0 = Debug|Any CPU
		{71182262-FAB4-4A10-B916-B57F03663F3C}.Debug|ARM64.ActiveCfg = Debug|Any CPU
		{71182262-FAB4-4A10-B916-B57F03663F3C}.Debug|ARM64.Build.0 = Debug|Any CPU
		{71182262-FAB4-4A10-B916-B57F03663F3C}.Debug|x64.ActiveCfg = Debug|Any CPU
		{71182262-FAB4-4A10-B916-B57F03663F3C}.Debug|x64.Build.0 = Debug|Any CPU
		{71182262-FAB4-4A10-B916-B57F03663F3C}.Debug|x86.ActiveCfg = Debug|Any CPU
		{71182262-FAB4-4A10-B916-B57F03663F3C}.Debug|x86.Build.0 = Debug|Any CPU
		{71182262-FAB4-4A10-B916-B57F03663F3C}.Release|Any CPU.ActiveCfg = Release|Any CPU
		{71182262-FAB4-4A10-B916-B57F03663F3C}.Release|Any CPU.Build.0 = Release|Any CPU
		{71182262-FAB4-4A10-B916-B57F03663F3C}.Release|ARM.ActiveCfg = Release|Any CPU
		{71182262-FAB4-4A10-B916-B57F03663F3C}.Release|ARM.Build.0 = Release|Any CPU
		{71182262-FAB4-4A10-B916-B57F03663F3C}.Release|ARM64.ActiveCfg = Release|Any CPU
		{71182262-FAB4-4A10-B916-B57F03663F3C}.Release|ARM64.Build.0 = Release|Any CPU
		{71182262-FAB4-4A10-B916-B57F03663F3C}.Release|x64.ActiveCfg = Release|Any CPU
		{71182262-FAB4-4A10-B916-B57F03663F3C}.Release|x64.Build.0 = Release|Any CPU
		{71182262-FAB4-4A10-B916-B57F03663F3C}.Release|x86.ActiveCfg = Release|Any CPU
		{71182262-FAB4-4A10-B916-B57F03663F3C}.Release|x86.Build.0 = Release|Any CPU
		{ABD72DA1-8706-4627-AB32-5F4F04471D4B}.Debug|Any CPU.ActiveCfg = Debug|Any CPU
		{ABD72DA1-8706-4627-AB32-5F4F04471D4B}.Debug|Any CPU.Build.0 = Debug|Any CPU
		{ABD72DA1-8706-4627-AB32-5F4F04471D4B}.Debug|ARM.ActiveCfg = Debug|Any CPU
		{ABD72DA1-8706-4627-AB32-5F4F04471D4B}.Debug|ARM.Build.0 = Debug|Any CPU
		{ABD72DA1-8706-4627-AB32-5F4F04471D4B}.Debug|ARM64.ActiveCfg = Debug|Any CPU
		{ABD72DA1-8706-4627-AB32-5F4F04471D4B}.Debug|ARM64.Build.0 = Debug|Any CPU
		{ABD72DA1-8706-4627-AB32-5F4F04471D4B}.Debug|x64.ActiveCfg = Debug|Any CPU
		{ABD72DA1-8706-4627-AB32-5F4F04471D4B}.Debug|x64.Build.0 = Debug|Any CPU
		{ABD72DA1-8706-4627-AB32-5F4F04471D4B}.Debug|x86.ActiveCfg = Debug|Any CPU
		{ABD72DA1-8706-4627-AB32-5F4F04471D4B}.Debug|x86.Build.0 = Debug|Any CPU
		{ABD72DA1-8706-4627-AB32-5F4F04471D4B}.Release|Any CPU.ActiveCfg = Release|Any CPU
		{ABD72DA1-8706-4627-AB32-5F4F04471D4B}.Release|Any CPU.Build.0 = Release|Any CPU
		{ABD72DA1-8706-4627-AB32-5F4F04471D4B}.Release|ARM.ActiveCfg = Release|Any CPU
		{ABD72DA1-8706-4627-AB32-5F4F04471D4B}.Release|ARM.Build.0 = Release|Any CPU
		{ABD72DA1-8706-4627-AB32-5F4F04471D4B}.Release|ARM64.ActiveCfg = Release|Any CPU
		{ABD72DA1-8706-4627-AB32-5F4F04471D4B}.Release|ARM64.Build.0 = Release|Any CPU
		{ABD72DA1-8706-4627-AB32-5F4F04471D4B}.Release|x64.ActiveCfg = Release|Any CPU
		{ABD72DA1-8706-4627-AB32-5F4F04471D4B}.Release|x64.Build.0 = Release|Any CPU
		{ABD72DA1-8706-4627-AB32-5F4F04471D4B}.Release|x86.ActiveCfg = Release|Any CPU
		{ABD72DA1-8706-4627-AB32-5F4F04471D4B}.Release|x86.Build.0 = Release|Any CPU
		{19A747E6-AC8F-4918-8D54-0E5298774D49}.Debug|Any CPU.ActiveCfg = Debug|Any CPU
		{19A747E6-AC8F-4918-8D54-0E5298774D49}.Debug|Any CPU.Build.0 = Debug|Any CPU
		{19A747E6-AC8F-4918-8D54-0E5298774D49}.Debug|ARM.ActiveCfg = Debug|Any CPU
		{19A747E6-AC8F-4918-8D54-0E5298774D49}.Debug|ARM.Build.0 = Debug|Any CPU
		{19A747E6-AC8F-4918-8D54-0E5298774D49}.Debug|ARM64.ActiveCfg = Debug|Any CPU
		{19A747E6-AC8F-4918-8D54-0E5298774D49}.Debug|ARM64.Build.0 = Debug|Any CPU
		{19A747E6-AC8F-4918-8D54-0E5298774D49}.Debug|x64.ActiveCfg = Debug|Any CPU
		{19A747E6-AC8F-4918-8D54-0E5298774D49}.Debug|x64.Build.0 = Debug|Any CPU
		{19A747E6-AC8F-4918-8D54-0E5298774D49}.Debug|x86.ActiveCfg = Debug|Any CPU
		{19A747E6-AC8F-4918-8D54-0E5298774D49}.Debug|x86.Build.0 = Debug|Any CPU
		{19A747E6-AC8F-4918-8D54-0E5298774D49}.Release|Any CPU.ActiveCfg = Release|Any CPU
		{19A747E6-AC8F-4918-8D54-0E5298774D49}.Release|Any CPU.Build.0 = Release|Any CPU
		{19A747E6-AC8F-4918-8D54-0E5298774D49}.Release|ARM.ActiveCfg = Release|Any CPU
		{19A747E6-AC8F-4918-8D54-0E5298774D49}.Release|ARM.Build.0 = Release|Any CPU
		{19A747E6-AC8F-4918-8D54-0E5298774D49}.Release|ARM64.ActiveCfg = Release|Any CPU
		{19A747E6-AC8F-4918-8D54-0E5298774D49}.Release|ARM64.Build.0 = Release|Any CPU
		{19A747E6-AC8F-4918-8D54-0E5298774D49}.Release|x64.ActiveCfg = Release|Any CPU
		{19A747E6-AC8F-4918-8D54-0E5298774D49}.Release|x64.Build.0 = Release|Any CPU
		{19A747E6-AC8F-4918-8D54-0E5298774D49}.Release|x86.ActiveCfg = Release|Any CPU
		{19A747E6-AC8F-4918-8D54-0E5298774D49}.Release|x86.Build.0 = Release|Any CPU
		{A6488BCC-B82E-485A-B667-AEE546304907}.Debug|Any CPU.ActiveCfg = Debug|Any CPU
		{A6488BCC-B82E-485A-B667-AEE546304907}.Debug|Any CPU.Build.0 = Debug|Any CPU
		{A6488BCC-B82E-485A-B667-AEE546304907}.Debug|ARM.ActiveCfg = Debug|Any CPU
		{A6488BCC-B82E-485A-B667-AEE546304907}.Debug|ARM.Build.0 = Debug|Any CPU
		{A6488BCC-B82E-485A-B667-AEE546304907}.Debug|ARM64.ActiveCfg = Debug|Any CPU
		{A6488BCC-B82E-485A-B667-AEE546304907}.Debug|ARM64.Build.0 = Debug|Any CPU
		{A6488BCC-B82E-485A-B667-AEE546304907}.Debug|x64.ActiveCfg = Debug|Any CPU
		{A6488BCC-B82E-485A-B667-AEE546304907}.Debug|x64.Build.0 = Debug|Any CPU
		{A6488BCC-B82E-485A-B667-AEE546304907}.Debug|x86.ActiveCfg = Debug|Any CPU
		{A6488BCC-B82E-485A-B667-AEE546304907}.Debug|x86.Build.0 = Debug|Any CPU
		{A6488BCC-B82E-485A-B667-AEE546304907}.Release|Any CPU.ActiveCfg = Release|Any CPU
		{A6488BCC-B82E-485A-B667-AEE546304907}.Release|Any CPU.Build.0 = Release|Any CPU
		{A6488BCC-B82E-485A-B667-AEE546304907}.Release|ARM.ActiveCfg = Release|Any CPU
		{A6488BCC-B82E-485A-B667-AEE546304907}.Release|ARM.Build.0 = Release|Any CPU
		{A6488BCC-B82E-485A-B667-AEE546304907}.Release|ARM64.ActiveCfg = Release|Any CPU
		{A6488BCC-B82E-485A-B667-AEE546304907}.Release|ARM64.Build.0 = Release|Any CPU
		{A6488BCC-B82E-485A-B667-AEE546304907}.Release|x64.ActiveCfg = Release|Any CPU
		{A6488BCC-B82E-485A-B667-AEE546304907}.Release|x64.Build.0 = Release|Any CPU
		{A6488BCC-B82E-485A-B667-AEE546304907}.Release|x86.ActiveCfg = Release|Any CPU
		{A6488BCC-B82E-485A-B667-AEE546304907}.Release|x86.Build.0 = Release|Any CPU
		{649F958E-EA72-4C03-823E-3F502749CAC6}.Debug|Any CPU.ActiveCfg = Debug|Any CPU
		{649F958E-EA72-4C03-823E-3F502749CAC6}.Debug|Any CPU.Build.0 = Debug|Any CPU
		{649F958E-EA72-4C03-823E-3F502749CAC6}.Debug|ARM.ActiveCfg = Debug|Any CPU
		{649F958E-EA72-4C03-823E-3F502749CAC6}.Debug|ARM.Build.0 = Debug|Any CPU
		{649F958E-EA72-4C03-823E-3F502749CAC6}.Debug|ARM64.ActiveCfg = Debug|Any CPU
		{649F958E-EA72-4C03-823E-3F502749CAC6}.Debug|ARM64.Build.0 = Debug|Any CPU
		{649F958E-EA72-4C03-823E-3F502749CAC6}.Debug|x64.ActiveCfg = Debug|Any CPU
		{649F958E-EA72-4C03-823E-3F502749CAC6}.Debug|x64.Build.0 = Debug|Any CPU
		{649F958E-EA72-4C03-823E-3F502749CAC6}.Debug|x86.ActiveCfg = Debug|Any CPU
		{649F958E-EA72-4C03-823E-3F502749CAC6}.Debug|x86.Build.0 = Debug|Any CPU
		{649F958E-EA72-4C03-823E-3F502749CAC6}.Release|Any CPU.ActiveCfg = Release|Any CPU
		{649F958E-EA72-4C03-823E-3F502749CAC6}.Release|Any CPU.Build.0 = Release|Any CPU
		{649F958E-EA72-4C03-823E-3F502749CAC6}.Release|ARM.ActiveCfg = Release|Any CPU
		{649F958E-EA72-4C03-823E-3F502749CAC6}.Release|ARM.Build.0 = Release|Any CPU
		{649F958E-EA72-4C03-823E-3F502749CAC6}.Release|ARM64.ActiveCfg = Release|Any CPU
		{649F958E-EA72-4C03-823E-3F502749CAC6}.Release|ARM64.Build.0 = Release|Any CPU
		{649F958E-EA72-4C03-823E-3F502749CAC6}.Release|x64.ActiveCfg = Release|Any CPU
		{649F958E-EA72-4C03-823E-3F502749CAC6}.Release|x64.Build.0 = Release|Any CPU
		{649F958E-EA72-4C03-823E-3F502749CAC6}.Release|x86.ActiveCfg = Release|Any CPU
		{649F958E-EA72-4C03-823E-3F502749CAC6}.Release|x86.Build.0 = Release|Any CPU
		{E07D3948-8705-42FE-9AE3-B7422E990968}.Debug|Any CPU.ActiveCfg = Debug|Any CPU
		{E07D3948-8705-42FE-9AE3-B7422E990968}.Debug|Any CPU.Build.0 = Debug|Any CPU
		{E07D3948-8705-42FE-9AE3-B7422E990968}.Debug|ARM.ActiveCfg = Debug|Any CPU
		{E07D3948-8705-42FE-9AE3-B7422E990968}.Debug|ARM.Build.0 = Debug|Any CPU
		{E07D3948-8705-42FE-9AE3-B7422E990968}.Debug|ARM64.ActiveCfg = Debug|Any CPU
		{E07D3948-8705-42FE-9AE3-B7422E990968}.Debug|ARM64.Build.0 = Debug|Any CPU
		{E07D3948-8705-42FE-9AE3-B7422E990968}.Debug|x64.ActiveCfg = Debug|Any CPU
		{E07D3948-8705-42FE-9AE3-B7422E990968}.Debug|x64.Build.0 = Debug|Any CPU
		{E07D3948-8705-42FE-9AE3-B7422E990968}.Debug|x86.ActiveCfg = Debug|Any CPU
		{E07D3948-8705-42FE-9AE3-B7422E990968}.Debug|x86.Build.0 = Debug|Any CPU
		{E07D3948-8705-42FE-9AE3-B7422E990968}.Release|Any CPU.ActiveCfg = Release|Any CPU
		{E07D3948-8705-42FE-9AE3-B7422E990968}.Release|Any CPU.Build.0 = Release|Any CPU
		{E07D3948-8705-42FE-9AE3-B7422E990968}.Release|ARM.ActiveCfg = Release|Any CPU
		{E07D3948-8705-42FE-9AE3-B7422E990968}.Release|ARM.Build.0 = Release|Any CPU
		{E07D3948-8705-42FE-9AE3-B7422E990968}.Release|ARM64.ActiveCfg = Release|Any CPU
		{E07D3948-8705-42FE-9AE3-B7422E990968}.Release|ARM64.Build.0 = Release|Any CPU
		{E07D3948-8705-42FE-9AE3-B7422E990968}.Release|x64.ActiveCfg = Release|Any CPU
		{E07D3948-8705-42FE-9AE3-B7422E990968}.Release|x64.Build.0 = Release|Any CPU
		{E07D3948-8705-42FE-9AE3-B7422E990968}.Release|x86.ActiveCfg = Release|Any CPU
		{E07D3948-8705-42FE-9AE3-B7422E990968}.Release|x86.Build.0 = Release|Any CPU
		{A18E32A2-26D1-416B-8F1A-4BF6A36EE1C4}.Debug|Any CPU.ActiveCfg = Debug|Any CPU
		{A18E32A2-26D1-416B-8F1A-4BF6A36EE1C4}.Debug|Any CPU.Build.0 = Debug|Any CPU
		{A18E32A2-26D1-416B-8F1A-4BF6A36EE1C4}.Debug|ARM.ActiveCfg = Debug|Any CPU
		{A18E32A2-26D1-416B-8F1A-4BF6A36EE1C4}.Debug|ARM.Build.0 = Debug|Any CPU
		{A18E32A2-26D1-416B-8F1A-4BF6A36EE1C4}.Debug|ARM64.ActiveCfg = Debug|Any CPU
		{A18E32A2-26D1-416B-8F1A-4BF6A36EE1C4}.Debug|ARM64.Build.0 = Debug|Any CPU
		{A18E32A2-26D1-416B-8F1A-4BF6A36EE1C4}.Debug|x64.ActiveCfg = Debug|Any CPU
		{A18E32A2-26D1-416B-8F1A-4BF6A36EE1C4}.Debug|x64.Build.0 = Debug|Any CPU
		{A18E32A2-26D1-416B-8F1A-4BF6A36EE1C4}.Debug|x86.ActiveCfg = Debug|Any CPU
		{A18E32A2-26D1-416B-8F1A-4BF6A36EE1C4}.Debug|x86.Build.0 = Debug|Any CPU
		{A18E32A2-26D1-416B-8F1A-4BF6A36EE1C4}.Release|Any CPU.ActiveCfg = Release|Any CPU
		{A18E32A2-26D1-416B-8F1A-4BF6A36EE1C4}.Release|Any CPU.Build.0 = Release|Any CPU
		{A18E32A2-26D1-416B-8F1A-4BF6A36EE1C4}.Release|ARM.ActiveCfg = Release|Any CPU
		{A18E32A2-26D1-416B-8F1A-4BF6A36EE1C4}.Release|ARM.Build.0 = Release|Any CPU
		{A18E32A2-26D1-416B-8F1A-4BF6A36EE1C4}.Release|ARM64.ActiveCfg = Release|Any CPU
		{A18E32A2-26D1-416B-8F1A-4BF6A36EE1C4}.Release|ARM64.Build.0 = Release|Any CPU
		{A18E32A2-26D1-416B-8F1A-4BF6A36EE1C4}.Release|x64.ActiveCfg = Release|Any CPU
		{A18E32A2-26D1-416B-8F1A-4BF6A36EE1C4}.Release|x64.Build.0 = Release|Any CPU
		{A18E32A2-26D1-416B-8F1A-4BF6A36EE1C4}.Release|x86.ActiveCfg = Release|Any CPU
		{A18E32A2-26D1-416B-8F1A-4BF6A36EE1C4}.Release|x86.Build.0 = Release|Any CPU
		{5AD33FCA-3B27-4221-9909-54B395043E62}.Debug|Any CPU.ActiveCfg = Debug|Any CPU
		{5AD33FCA-3B27-4221-9909-54B395043E62}.Debug|Any CPU.Build.0 = Debug|Any CPU
		{5AD33FCA-3B27-4221-9909-54B395043E62}.Debug|ARM.ActiveCfg = Debug|Any CPU
		{5AD33FCA-3B27-4221-9909-54B395043E62}.Debug|ARM.Build.0 = Debug|Any CPU
		{5AD33FCA-3B27-4221-9909-54B395043E62}.Debug|ARM64.ActiveCfg = Debug|Any CPU
		{5AD33FCA-3B27-4221-9909-54B395043E62}.Debug|ARM64.Build.0 = Debug|Any CPU
		{5AD33FCA-3B27-4221-9909-54B395043E62}.Debug|x64.ActiveCfg = Debug|Any CPU
		{5AD33FCA-3B27-4221-9909-54B395043E62}.Debug|x64.Build.0 = Debug|Any CPU
		{5AD33FCA-3B27-4221-9909-54B395043E62}.Debug|x86.ActiveCfg = Debug|Any CPU
		{5AD33FCA-3B27-4221-9909-54B395043E62}.Debug|x86.Build.0 = Debug|Any CPU
		{5AD33FCA-3B27-4221-9909-54B395043E62}.Release|Any CPU.ActiveCfg = Release|Any CPU
		{5AD33FCA-3B27-4221-9909-54B395043E62}.Release|Any CPU.Build.0 = Release|Any CPU
		{5AD33FCA-3B27-4221-9909-54B395043E62}.Release|ARM.ActiveCfg = Release|Any CPU
		{5AD33FCA-3B27-4221-9909-54B395043E62}.Release|ARM.Build.0 = Release|Any CPU
		{5AD33FCA-3B27-4221-9909-54B395043E62}.Release|ARM64.ActiveCfg = Release|Any CPU
		{5AD33FCA-3B27-4221-9909-54B395043E62}.Release|ARM64.Build.0 = Release|Any CPU
		{5AD33FCA-3B27-4221-9909-54B395043E62}.Release|x64.ActiveCfg = Release|Any CPU
		{5AD33FCA-3B27-4221-9909-54B395043E62}.Release|x64.Build.0 = Release|Any CPU
		{5AD33FCA-3B27-4221-9909-54B395043E62}.Release|x86.ActiveCfg = Release|Any CPU
		{5AD33FCA-3B27-4221-9909-54B395043E62}.Release|x86.Build.0 = Release|Any CPU
	EndGlobalSection
	GlobalSection(SolutionProperties) = preSolution
		HideSolutionNode = FALSE
	EndGlobalSection
	GlobalSection(ExtensibilityGlobals) = postSolution
		SolutionGuid = {2C3B8B73-D98B-4FCE-BD52-6C3C81AD33F1}
	EndGlobalSection
EndGlobal
